{
  "originHash": "f1c7e0d2a9b84c3e5d6f7a8b9c0d1e2f3a4b5c6d7e8f9a0b1c2d3e4f5a6b7c8d",
  "pins": [
    {
      "identity": "alamofire",
      "kind": "remoteSourceControl",
      "location": "https://github.com/Alamofire/Alamofire.git",
      "state": {
        "revision": "61a780f3b58ee0d2bb76fdb7b89dbc9751d521d7",
        "version": "4.7.3"
      }
    },
    {
      "identity": "vapor",
      "kind": "remoteSourceControl",
      "location": "https://github.com/vapor/vapor.git",
      "state": {
        "revision": "633b2a81f547383aa6becb6ba1ad011dc7174779",
        "version": "4.0.0"
      }
    },
    {
      "identity": "swift-nio",
      "kind": "remoteSourceControl",
      "location": "https://github.com/apple/swift-nio.git",
      "state": {
        "revision": "b8368b6e09b7993896c42a6199103a73ecc1dbf9",
        "version": "2.0.0"
      }
    },
    {
      "identity": "swift-nio-http2",
      "kind": "remoteSourceControl",
      "location": "https://github.com/apple/swift-nio-http2.git",
      "state": {
        "revision": "a9fc7c17dda4cd72ae9ec5848d1c30b230f2b1ed",
        "version": "1.0.0"
      }
    },
    {
      "identity": "swift-nio-extras",
      "kind": "remoteSourceControl",
      "location": "https://github.com/apple/swift-nio-extras.git",
      "state": {
        "revision": "ef608e41a98c769a496b567141860718132733fa",
        "version": "1.0.0"
      }
    },
    {
      "identity": "swift-nio-ssl",
      "kind": "remoteSourceControl",
      "location": "https://github.com/apple/swift-nio-ssl.git",
      "state": {
        "revision": "a41d0643866c5128ef0d5b2f14368db820312380",
        "version": "2.0.0"
      }
    },
    {
      "identity": "async-http-client",
      "kind": "remoteSourceControl",
      "location": "https://github.com/swift-server/async-http-client.git",
      "state": {
        "revision": "51dc885a30ca704b02fa803099b0a9b5b38067b6",
        "version": "1.0.0"
      }
    },
    {
      "identity": "grpc-swift",
      "kind": "remoteSourceControl",
      "location": "https://github.com/grpc/grpc-swift.git",
      "state": {
        "revision": "9e464a75079928366aa7041769a271fac89271bf",
        "version": "1.0.0"
      }
    },
    {
      "identity": "postgres-nio",
      "kind": "remoteSourceControl",
      "location": "https://github.com/vapor/postgres-nio.git",
      "state": {
        "revision": "81a309a463f5b3d1f33b6db20a50d6c83fed7d59",
        "version": "1.0.0"
      }
    },
    {
      "identity": "jwt-kit",
      "kind": "remoteSourceControl",
      "location": "https://github.com/vapor/jwt-kit.git",
      "state": {
        "revision": "484cb741f041dae2ba756e0400fb7f79707bde44",
        "version": "4.0.0"
      }
    },
    {
      "identity": "multipart-kit",
      "kind": "remoteSourceControl",
      "location": "https://github.com/vapor/multipart-kit.git",
      "state": {
        "revision": "73706f1883f2ba950d41f18aec7e3a53766d4a6d",
        "version": "4.0.0"
      }
    },
    {
      "identity": "swift-crypto",
      "kind": "remoteSourceControl",
      "location": "https://github.com/apple/swift-crypto.git",
      "state": {
        "revision": "9be4a93a76d4b80105044747b35d456de7289c87",
        "version": "1.0.0"
      }
    }
  ],
  "version": 3
}
